PODS:
  - Cloudpayments (1.5.5):
    - CloudpaymentsNetworking
  - CloudpaymentsNetworking (1.0.2)

DEPENDENCIES:
  - Cloudpayments (from `../sdk`)
  - CloudpaymentsNetworking (from `../networking`)

EXTERNAL SOURCES:
  Cloudpayments:
    :path: "../sdk"
  CloudpaymentsNetworking:
    :path: "../networking"

SPEC CHECKSUMS:
  Cloudpayments: 926afe10e57a8be3551c0df7f586c65ba436e480
  CloudpaymentsNetworking: 483acd5a75d9b759559888745945c3f4d14844d5

PODFILE CHECKSUM: 5e8a634e0cd7a67253d7408cf5c57f7d427f3aaf

COCOAPODS: 1.13.0
